
Microsoft Visual Studio Solution File, Format Version 12.00
# Visual Studio Version 17
VisualStudioVersion = 17.10.34928.147
MinimumVisualStudioVersion = 10.0.40219.1
Project("{9A19103F-16F7-4668-BE54-9A1E7A4F7556}") = "NTDLS.Katzebase.Server", "NTDLS.Katzebase.Server\NTDLS.Katzebase.Server\NTDLS.Katzebase.Server.csproj", "{67109024-91EC-44EB-B6D3-D91412FEE53E}"
EndProject
Project("{9A19103F-16F7-4668-BE54-9A1E7A4F7556}") = "NTDLS.Katzebase.Engine", "NTDLS.Katzebase.Server\NTDLS.Katzebase.Engine\NTDLS.Katzebase.Engine.csproj", "{44E2FD07-E0E4-477F-A346-50D070A8F5FB}"
EndProject
Project("{9A19103F-16F7-4668-BE54-9A1E7A4F7556}") = "NTDLS.Katzebase.Shared", "NTDLS.Katzebase.Server\NTDLS.Katzebase.Shared\NTDLS.Katzebase.Shared.csproj", "{EA4637BC-2EC6-468A-A507-A0E1125B9B6B}"
EndProject
Project("{9A19103F-16F7-4668-BE54-9A1E7A4F7556}") = "NTDLS.DelegateThreadPooling", "NTDLS.DelegateThreadPooling\NTDLS.DelegateThreadPooling\NTDLS.DelegateThreadPooling.csproj", "{A6C41D2B-7310-4A1C-A96F-CC0C49F755C9}"
EndProject
Project("{9A19103F-16F7-4668-BE54-9A1E7A4F7556}") = "NTDLS.Katzebase.Client", "NTDLS.Katzebase.Client\NTDLS.Katzebase.Client.csproj", "{A70B4F97-49FC-4B7A-9574-D582719DC06A}"
EndProject
Project("{9A19103F-16F7-4668-BE54-9A1E7A4F7556}") = "NTDLS.FastMemoryCache", "NTDLS.FastMemoryCache\FastMemoryCache\NTDLS.FastMemoryCache.csproj", "{E4AA93B0-6DB6-40AB-8644-401B5DA271D8}"
EndProject
Project("{9A19103F-16F7-4668-BE54-9A1E7A4F7556}") = "NTDLS.Semaphore", "NTDLS.Semaphore\NTDLS.Semaphore\NTDLS.Semaphore.csproj", "{EBA4E609-6396-4986-8B15-62153649F2E5}"
EndProject
Project("{9A19103F-16F7-4668-BE54-9A1E7A4F7556}") = "NTDLS.Helpers", "NTDLS.Helpers\NTDLS.Helpers\NTDLS.Helpers.csproj", "{3B834781-C72B-4EBE-8722-937AD3C9293C}"
EndProject
Project("{9A19103F-16F7-4668-BE54-9A1E7A4F7556}") = "NTDLS.ReliableMessaging", "NTDLS.ReliableMessaging\NTDLS.ReliableMessaging\NTDLS.ReliableMessaging.csproj", "{DAD70964-EF90-45C1-B4D7-A238ABFBE9F6}"
EndProject
Project("{9A19103F-16F7-4668-BE54-9A1E7A4F7556}") = "NTDLS.Katzebase.Management", "NTDLS.Katzebase.Management\NTDLS.Katzebase.Management\NTDLS.Katzebase.Management.csproj", "{491CAA4A-7F5F-4E85-9E4E-B291A81FC3A4}"
EndProject
Project("{9A19103F-16F7-4668-BE54-9A1E7A4F7556}") = "NTDLS.Persistence", "NTDLS.Persistence\NTDLS.Persistence\NTDLS.Persistence.csproj", "{706A63A2-3450-4826-8DE8-ED0C11A04F89}"
EndProject
Project("{9A19103F-16F7-4668-BE54-9A1E7A4F7556}") = "NTDLS.WinFormsHelpers", "NTDLS.WinFormsHelpers\NTDLS.WinFormsHelpers\NTDLS.WinFormsHelpers.csproj", "{0F172970-0A6F-4D7F-A800-224A0FFEAA57}"
EndProject
Global
	GlobalSection(SolutionConfigurationPlatforms) = preSolution
		Debug|Any CPU = Debug|Any CPU
		Release|Any CPU = Release|Any CPU
	EndGlobalSection
	GlobalSection(ProjectConfigurationPlatforms) = postSolution
		{67109024-91EC-44EB-B6D3-D91412FEE53E}.Debug|Any CPU.ActiveCfg = Debug|Any CPU
		{67109024-91EC-44EB-B6D3-D91412FEE53E}.Debug|Any CPU.Build.0 = Debug|Any CPU
		{67109024-91EC-44EB-B6D3-D91412FEE53E}.Release|Any CPU.ActiveCfg = Release|Any CPU
		{67109024-91EC-44EB-B6D3-D91412FEE53E}.Release|Any CPU.Build.0 = Release|Any CPU
		{44E2FD07-E0E4-477F-A346-50D070A8F5FB}.Debug|Any CPU.ActiveCfg = Debug|Any CPU
		{44E2FD07-E0E4-477F-A346-50D070A8F5FB}.Debug|Any CPU.Build.0 = Debug|Any CPU
		{44E2FD07-E0E4-477F-A346-50D070A8F5FB}.Release|Any CPU.ActiveCfg = Release|Any CPU
		{44E2FD07-E0E4-477F-A346-50D070A8F5FB}.Release|Any CPU.Build.0 = Release|Any CPU
		{EA4637BC-2EC6-468A-A507-A0E1125B9B6B}.Debug|Any CPU.ActiveCfg = Debug|Any CPU
		{EA4637BC-2EC6-468A-A507-A0E1125B9B6B}.Debug|Any CPU.Build.0 = Debug|Any CPU
		{EA4637BC-2EC6-468A-A507-A0E1125B9B6B}.Release|Any CPU.ActiveCfg = Release|Any CPU
		{EA4637BC-2EC6-468A-A507-A0E1125B9B6B}.Release|Any CPU.Build.0 = Release|Any CPU
		{A6C41D2B-7310-4A1C-A96F-CC0C49F755C9}.Debug|Any CPU.ActiveCfg = Debug|Any CPU
		{A6C41D2B-7310-4A1C-A96F-CC0C49F755C9}.Debug|Any CPU.Build.0 = Debug|Any CPU
		{A6C41D2B-7310-4A1C-A96F-CC0C49F755C9}.Release|Any CPU.ActiveCfg = Release|Any CPU
		{A6C41D2B-7310-4A1C-A96F-CC0C49F755C9}.Release|Any CPU.Build.0 = Release|Any CPU
		{A70B4F97-49FC-4B7A-9574-D582719DC06A}.Debug|Any CPU.ActiveCfg = Debug|Any CPU
		{A70B4F97-49FC-4B7A-9574-D582719DC06A}.Debug|Any CPU.Build.0 = Debug|Any CPU
		{A70B4F97-49FC-4B7A-9574-D582719DC06A}.Release|Any CPU.ActiveCfg = Release|Any CPU
		{A70B4F97-49FC-4B7A-9574-D582719DC06A}.Release|Any CPU.Build.0 = Release|Any CPU
		{E4AA93B0-6DB6-40AB-8644-401B5DA271D8}.Debug|Any CPU.ActiveCfg = Debug|Any CPU
		{E4AA93B0-6DB6-40AB-8644-401B5DA271D8}.Debug|Any CPU.Build.0 = Debug|Any CPU
		{E4AA93B0-6DB6-40AB-8644-401B5DA271D8}.Release|Any CPU.ActiveCfg = Release|Any CPU
		{E4AA93B0-6DB6-40AB-8644-401B5DA271D8}.Release|Any CPU.Build.0 = Release|Any CPU
		{EBA4E609-6396-4986-8B15-62153649F2E5}.Debug|Any CPU.ActiveCfg = Debug|Any CPU
		{EBA4E609-6396-4986-8B15-62153649F2E5}.Debug|Any CPU.Build.0 = Debug|Any CPU
		{EBA4E609-6396-4986-8B15-62153649F2E5}.Release|Any CPU.ActiveCfg = Release|Any CPU
		{EBA4E609-6396-4986-8B15-62153649F2E5}.Release|Any CPU.Build.0 = Release|Any CPU
		{3B834781-C72B-4EBE-8722-937AD3C9293C}.Debug|Any CPU.ActiveCfg = Debug|Any CPU
		{3B834781-C72B-4EBE-8722-937AD3C9293C}.Debug|Any CPU.Build.0 = Debug|Any CPU
		{3B834781-C72B-4EBE-8722-937AD3C9293C}.Release|Any CPU.ActiveCfg = Release|Any CPU
		{3B834781-C72B-4EBE-8722-937AD3C9293C}.Release|Any CPU.Build.0 = Release|Any CPU
		{DAD70964-EF90-45C1-B4D7-A238ABFBE9F6}.Debug|Any CPU.ActiveCfg = Debug|Any CPU
		{DAD70964-EF90-45C1-B4D7-A238ABFBE9F6}.Debug|Any CPU.Build.0 = Debug|Any CPU
		{DAD70964-EF90-45C1-B4D7-A238ABFBE9F6}.Release|Any CPU.ActiveCfg = Release|Any CPU
		{DAD70964-EF90-45C1-B4D7-A238ABFBE9F6}.Release|Any CPU.Build.0 = Release|Any CPU
		{491CAA4A-7F5F-4E85-9E4E-B291A81FC3A4}.Debug|Any CPU.ActiveCfg = Debug|Any CPU
		{491CAA4A-7F5F-4E85-9E4E-B291A81FC3A4}.Debug|Any CPU.Build.0 = Debug|Any CPU
		{491CAA4A-7F5F-4E85-9E4E-B291A81FC3A4}.Release|Any CPU.ActiveCfg = Release|Any CPU
		{491CAA4A-7F5F-4E85-9E4E-B291A81FC3A4}.Release|Any CPU.Build.0 = Release|Any CPU
		{706A63A2-3450-4826-8DE8-ED0C11A04F89}.Debug|Any CPU.ActiveCfg = Debug|Any CPU
		{706A63A2-3450-4826-8DE8-ED0C11A04F89}.Debug|Any CPU.Build.0 = Debug|Any CPU
		{706A63A2-3450-4826-8DE8-ED0C11A04F89}.Release|Any CPU.ActiveCfg = Release|Any CPU
		{706A63A2-3450-4826-8DE8-ED0C11A04F89}.Release|Any CPU.Build.0 = Release|Any CPU
		{0F172970-0A6F-4D7F-A800-224A0FFEAA57}.Debug|Any CPU.ActiveCfg = Debug|Any CPU
		{0F172970-0A6F-4D7F-A800-224A0FFEAA57}.Debug|Any CPU.Build.0 = Debug|Any CPU
		{0F172970-0A6F-4D7F-A800-224A0FFEAA57}.Release|Any CPU.ActiveCfg = Release|Any CPU
		{0F172970-0A6F-4D7F-A800-224A0FFEAA57}.Release|Any CPU.Build.0 = Release|Any CPU
	EndGlobalSection
	GlobalSection(SolutionProperties) = preSolution
		HideSolutionNode = FALSE
	EndGlobalSection
	GlobalSection(ExtensibilityGlobals) = postSolution
		SolutionGuid = {8C071E32-594A-4975-A6EF-2ACD63063256}
	EndGlobalSection
EndGlobal
