
Microsoft Visual Studio Solution File, Format Version 12.00
# Visual Studio Version 17
VisualStudioVersion = 17.6.33829.357
MinimumVisualStudioVersion = 10.0.40219.1
Project("{9A19103F-16F7-4668-BE54-9A1E7A4F7556}") = "NTDLS.Semaphore", "NTDLS.Semaphore\NTDLS.Semaphore.csproj", "{872C8724-912A-4CD1-B23C-0EF19A170A3A}"
EndProject
Project("{9A19103F-16F7-4668-BE54-9A1E7A4F7556}") = "TestHarness", "TestHarness\TestHarness.csproj", "{97436447-6E97-4E8D-8F5A-9EF8CCEC36B3}"
EndProject
Project("{2150E333-8FDC-42A3-9474-1A3956D46DE8}") = "Solution Items", "Solution Items", "{979A1647-B5F2-41E7-A058-89AD6CCFCE08}"
	ProjectSection(SolutionItems) = preProject
		README.md = README.md
	EndProjectSection
EndProject
Project("{FAE04EC0-301F-11D3-BF4B-00C04F79EFBC}") = "PerformanceTest", "PerformanceTest\PerformanceTest.csproj", "{35F0E9DC-B65B-4A51-A04F-9809C3737DC5}"
EndProject
Global
	GlobalSection(SolutionConfigurationPlatforms) = preSolution
		Debug|Any CPU = Debug|Any CPU
		Release|Any CPU = Release|Any CPU
	EndGlobalSection
	GlobalSection(ProjectConfigurationPlatforms) = postSolution
		{872C8724-912A-4CD1-B23C-0EF19A170A3A}.Debug|Any CPU.ActiveCfg = Debug|Any CPU
		{872C8724-912A-4CD1-B23C-0EF19A170A3A}.Debug|Any CPU.Build.0 = Debug|Any CPU
		{872C8724-912A-4CD1-B23C-0EF19A170A3A}.Release|Any CPU.ActiveCfg = Release|Any CPU
		{872C8724-912A-4CD1-B23C-0EF19A170A3A}.Release|Any CPU.Build.0 = Release|Any CPU
		{97436447-6E97-4E8D-8F5A-9EF8CCEC36B3}.Debug|Any CPU.ActiveCfg = Debug|Any CPU
		{97436447-6E97-4E8D-8F5A-9EF8CCEC36B3}.Debug|Any CPU.Build.0 = Debug|Any CPU
		{97436447-6E97-4E8D-8F5A-9EF8CCEC36B3}.Release|Any CPU.ActiveCfg = Release|Any CPU
		{97436447-6E97-4E8D-8F5A-9EF8CCEC36B3}.Release|Any CPU.Build.0 = Release|Any CPU
		{35F0E9DC-B65B-4A51-A04F-9809C3737DC5}.Debug|Any CPU.ActiveCfg = Debug|Any CPU
		{35F0E9DC-B65B-4A51-A04F-9809C3737DC5}.Debug|Any CPU.Build.0 = Debug|Any CPU
		{35F0E9DC-B65B-4A51-A04F-9809C3737DC5}.Release|Any CPU.ActiveCfg = Release|Any CPU
		{35F0E9DC-B65B-4A51-A04F-9809C3737DC5}.Release|Any CPU.Build.0 = Release|Any CPU
	EndGlobalSection
	GlobalSection(SolutionProperties) = preSolution
		HideSolutionNode = FALSE
	EndGlobalSection
	GlobalSection(ExtensibilityGlobals) = postSolution
		SolutionGuid = {65CDDF3B-5035-431A-AB91-34AD541F9020}
	EndGlobalSection
EndGlobal
