
Microsoft Visual Studio Solution File, Format Version 12.00
# Visual Studio Version 17
VisualStudioVersion = 17.10.34928.147
MinimumVisualStudioVersion = 10.0.40219.1
Project("{9A19103F-16F7-4668-BE54-9A1E7A4F7556}") = "NTDLS.Helpers", "NTDLS.Helpers.csproj", "{4347ED6C-3567-41C7-826C-9648AE0F15C7}"
EndProject
Global
	GlobalSection(SolutionConfigurationPlatforms) = preSolution
		Debug|Any CPU = Debug|Any CPU
		Release|Any CPU = Release|Any CPU
	EndGlobalSection
	GlobalSection(ProjectConfigurationPlatforms) = postSolution
		{4347ED6C-3567-41C7-826C-9648AE0F15C7}.Debug|Any CPU.ActiveCfg = Debug|Any CPU
		{4347ED6C-3567-41C7-826C-9648AE0F15C7}.Debug|Any CPU.Build.0 = Debug|Any CPU
		{4347ED6C-3567-41C7-826C-9648AE0F15C7}.Release|Any CPU.ActiveCfg = Release|Any CPU
		{4347ED6C-3567-41C7-826C-9648AE0F15C7}.Release|Any CPU.Build.0 = Release|Any CPU
	EndGlobalSection
	GlobalSection(SolutionProperties) = preSolution
		HideSolutionNode = FALSE
	EndGlobalSection
	GlobalSection(ExtensibilityGlobals) = postSolution
		SolutionGuid = {0FB8F141-1C53-416C-81C0-4996FCD648BB}
	EndGlobalSection
EndGlobal
